// !$*UTF8*$!
{
	archiveVersion = 1;
	classes = {
	};
	objectVersion = 46;
	objects = {

/* Begin PBXBuildFile section */
		EDBFE94A1EF1C05C009B4A76 /* RotationViewController.m in Sources */ = {isa = PBXBuildFile; fileRef = EDBFE9491EF1C05C009B4A76 /* RotationViewController.m */; };
		EDBFE94D1EF1C9DB009B4A76 /* EdgeSwipeViewController.m in Sources */ = {isa = PBXBuildFile; fileRef = EDBFE94C1EF1C9DB009B4A76 /* EdgeSwipeViewController.m */; };
		EDDCA6301EF039FD0012653D /* main.m in Sources */ = {isa = PBXBuildFile; fileRef = EDDCA62F1EF039FD0012653D /* main.m */; };
		EDDCA6331EF039FD0012653D /* AppDelegate.m in Sources */ = {isa = PBXBuildFile; fileRef = EDDCA6321EF039FD0012653D /* AppDelegate.m */; };
		EDDCA6391EF039FD0012653D /* Main.storyboard in Resources */ = {isa = PBXBuildFile; fileRef = EDDCA6371EF039FD0012653D /* Main.storyboard */; };
		EDDCA63B1EF039FD0012653D /* Assets.xcassets in Resources */ = {isa = PBXBuildFile; fileRef = EDDCA63A1EF039FD0012653D /* Assets.xcassets */; };
		EDDCA63E1EF039FD0012653D /* LaunchScreen.storyboard in Resources */ = {isa = PBXBuildFile; fileRef = EDDCA63C1EF039FD0012653D /* LaunchScreen.storyboard */; };
		EDDCA64B1EF03CF00012653D /* item1.pdf in Resources */ = {isa = PBXBuildFile; fileRef = EDDCA6451EF03CF00012653D /* item1.pdf */; };
		EDDCA64C1EF03CF00012653D /* item2.pdf in Resources */ = {isa = PBXBuildFile; fileRef = EDDCA6461EF03CF00012653D /* item2.pdf */; };
		EDDCA64D1EF03CF00012653D /* item3.pdf in Resources */ = {isa = PBXBuildFile; fileRef = EDDCA6471EF03CF00012653D /* item3.pdf */; };
		EDDCA64E1EF03CF00012653D /* item4.pdf in Resources */ = {isa = PBXBuildFile; fileRef = EDDCA6481EF03CF00012653D /* item4.pdf */; };
		EDDCA64F1EF03CF00012653D /* item5.pdf in Resources */ = {isa = PBXBuildFile; fileRef = EDDCA6491EF03CF00012653D /* item5.pdf */; };
		EDDCA6501EF03CF00012653D /* item6.pdf in Resources */ = {isa = PBXBuildFile; fileRef = EDDCA64A1EF03CF00012653D /* item6.pdf */; };
		EDDCA6531EF0424D0012653D /* PanViewController.m in Sources */ = {isa = PBXBuildFile; fileRef = EDDCA6521EF0424D0012653D /* PanViewController.m */; };
		EDDCA6561EF0426B0012653D /* TapViewController.m in Sources */ = {isa = PBXBuildFile; fileRef = EDDCA6551EF0426B0012653D /* TapViewController.m */; };
		EDDCA6591EF04BF20012653D /* PinchViewController.m in Sources */ = {isa = PBXBuildFile; fileRef = EDDCA6581EF04BF20012653D /* PinchViewController.m */; };
		EDE18FD81EF08A1900668BC7 /* SwipeViewController.m in Sources */ = {isa = PBXBuildFile; fileRef = EDE18FD71EF08A1900668BC7 /* SwipeViewController.m */; };
/* End PBXBuildFile section */

/* Begin PBXFileReference section */
		EDBFE9481EF1C05C009B4A76 /* RotationViewController.h */ = {isa = PBXFileReference; fileEncoding = 4; lastKnownFileType = sourcecode.c.h; path = RotationViewController.h; sourceTree = "<group>"; };
		EDBFE9491EF1C05C009B4A76 /* RotationViewController.m */ = {isa = PBXFileReference; fileEncoding = 4; lastKnownFileType = sourcecode.c.objc; path = RotationViewController.m; sourceTree = "<group>"; };
		EDBFE94B1EF1C9DB009B4A76 /* EdgeSwipeViewController.h */ = {isa = PBXFileReference; fileEncoding = 4; lastKnownFileType = sourcecode.c.h; path = EdgeSwipeViewController.h; sourceTree = "<group>"; };
		EDBFE94C1EF1C9DB009B4A76 /* EdgeSwipeViewController.m */ = {isa = PBXFileReference; fileEncoding = 4; lastKnownFileType = sourcecode.c.objc; path = EdgeSwipeViewController.m; sourceTree = "<group>"; };
		EDDCA62B1EF039FD0012653D /* Gestures.app */ = {isa = PBXFileReference; explicitFileType = wrapper.application; includeInIndex = 0; path = Gestures.app; sourceTree = BUILT_PRODUCTS_DIR; };
		EDDCA62F1EF039FD0012653D /* main.m */ = {isa = PBXFileReference; lastKnownFileType = sourcecode.c.objc; path = main.m; sourceTree = "<group>"; };
		EDDCA6311EF039FD0012653D /* AppDelegate.h */ = {isa = PBXFileReference; lastKnownFileType = sourcecode.c.h; path = AppDelegate.h; sourceTree = "<group>"; };
		EDDCA6321EF039FD0012653D /* AppDelegate.m */ = {isa = PBXFileReference; lastKnownFileType = sourcecode.c.objc; path = AppDelegate.m; sourceTree = "<group>"; };
		EDDCA6381EF039FD0012653D /* Base */ = {isa = PBXFileReference; lastKnownFileType = file.storyboard; name = Base; path = Base.lproj/Main.storyboard; sourceTree = "<group>"; };
		EDDCA63A1EF039FD0012653D /* Assets.xcassets */ = {isa = PBXFileReference; lastKnownFileType = folder.assetcatalog; path = Assets.xcassets; sourceTree = "<group>"; };
		EDDCA63D1EF039FD0012653D /* Base */ = {isa = PBXFileReference; lastKnownFileType = file.storyboard; name = Base; path = Base.lproj/LaunchScreen.storyboard; sourceTree = "<group>"; };
		EDDCA63F1EF039FD0012653D /* Info.plist */ = {isa = PBXFileReference; lastKnownFileType = text.plist.xml; path = Info.plist; sourceTree = "<group>"; };
		EDDCA6451EF03CF00012653D /* item1.pdf */ = {isa = PBXFileReference; lastKnownFileType = image.pdf; path = item1.pdf; sourceTree = "<group>"; };
		EDDCA6461EF03CF00012653D /* item2.pdf */ = {isa = PBXFileReference; lastKnownFileType = image.pdf; path = item2.pdf; sourceTree = "<group>"; };
		EDDCA6471EF03CF00012653D /* item3.pdf */ = {isa = PBXFileReference; lastKnownFileType = image.pdf; path = item3.pdf; sourceTree = "<group>"; };
		EDDCA6481EF03CF00012653D /* item4.pdf */ = {isa = PBXFileReference; lastKnownFileType = image.pdf; path = item4.pdf; sourceTree = "<group>"; };
		EDDCA6491EF03CF00012653D /* item5.pdf */ = {isa = PBXFileReference; lastKnownFileType = image.pdf; path = item5.pdf; sourceTree = "<group>"; };
		EDDCA64A1EF03CF00012653D /* item6.pdf */ = {isa = PBXFileReference; lastKnownFileType = image.pdf; path = item6.pdf; sourceTree = "<group>"; };
		EDDCA6511EF0424D0012653D /* PanViewController.h */ = {isa = PBXFileReference; fileEncoding = 4; lastKnownFileType = sourcecode.c.h; path = PanViewController.h; sourceTree = "<group>"; };
		EDDCA6521EF0424D0012653D /* PanViewController.m */ = {isa = PBXFileReference; fileEncoding = 4; lastKnownFileType = sourcecode.c.objc; path = PanViewController.m; sourceTree = "<group>"; };
		EDDCA6541EF0426B0012653D /* TapViewController.h */ = {isa = PBXFileReference; fileEncoding = 4; lastKnownFileType = sourcecode.c.h; path = TapViewController.h; sourceTree = "<group>"; };
		EDDCA6551EF0426B0012653D /* TapViewController.m */ = {isa = PBXFileReference; fileEncoding = 4; lastKnownFileType = sourcecode.c.objc; path = TapViewController.m; sourceTree = "<group>"; };
		EDDCA6571EF04BF20012653D /* PinchViewController.h */ = {isa = PBXFileReference; fileEncoding = 4; lastKnownFileType = sourcecode.c.h; path = PinchViewController.h; sourceTree = "<group>"; };
		EDDCA6581EF04BF20012653D /* PinchViewController.m */ = {isa = PBXFileReference; fileEncoding = 4; lastKnownFileType = sourcecode.c.objc; path = PinchViewController.m; sourceTree = "<group>"; };
		EDE18FD61EF08A1900668BC7 /* SwipeViewController.h */ = {isa = PBXFileReference; fileEncoding = 4; lastKnownFileType = sourcecode.c.h; path = SwipeViewController.h; sourceTree = "<group>"; };
		EDE18FD71EF08A1900668BC7 /* SwipeViewController.m */ = {isa = PBXFileReference; fileEncoding = 4; lastKnownFileType = sourcecode.c.objc; path = SwipeViewController.m; sourceTree = "<group>"; };
/* End PBXFileReference section */

/* Begin PBXFrameworksBuildPhase section */
		EDDCA6281EF039FD0012653D /* Frameworks */ = {
			isa = PBXFrameworksBuildPhase;
			buildActionMask = 2147483647;
			files = (
			);
			runOnlyForDeploymentPostprocessing = 0;
		};
/* End PBXFrameworksBuildPhase section */

/* Begin PBXGroup section */
		EDDCA6221EF039FD0012653D = {
			isa = PBXGroup;
			children = (
				EDDCA62D1EF039FD0012653D /* Gestures */,
				EDDCA62C1EF039FD0012653D /* Products */,
			);
			sourceTree = "<group>";
		};
		EDDCA62C1EF039FD0012653D /* Products */ = {
			isa = PBXGroup;
			children = (
				EDDCA62B1EF039FD0012653D /* Gestures.app */,
			);
			name = Products;
			sourceTree = "<group>";
		};
		EDDCA62D1EF039FD0012653D /* Gestures */ = {
			isa = PBXGroup;
			children = (
				EDDCA6371EF039FD0012653D /* Main.storyboard */,
				EDBFE94B1EF1C9DB009B4A76 /* EdgeSwipeViewController.h */,
				EDBFE94C1EF1C9DB009B4A76 /* EdgeSwipeViewController.m */,
				EDBFE9481EF1C05C009B4A76 /* RotationViewController.h */,
				EDBFE9491EF1C05C009B4A76 /* RotationViewController.m */,
				EDE18FD61EF08A1900668BC7 /* SwipeViewController.h */,
				EDE18FD71EF08A1900668BC7 /* SwipeViewController.m */,
				EDDCA6571EF04BF20012653D /* PinchViewController.h */,
				EDDCA6581EF04BF20012653D /* PinchViewController.m */,
				EDDCA6541EF0426B0012653D /* TapViewController.h */,
				EDDCA6551EF0426B0012653D /* TapViewController.m */,
				EDDCA6511EF0424D0012653D /* PanViewController.h */,
				EDDCA6521EF0424D0012653D /* PanViewController.m */,
				EDDCA63A1EF039FD0012653D /* Assets.xcassets */,
				EDDCA62E1EF039FD0012653D /* Supporting Files */,
			);
			path = Gestures;
			sourceTree = "<group>";
		};
		EDDCA62E1EF039FD0012653D /* Supporting Files */ = {
			isa = PBXGroup;
			children = (
				EDDCA6451EF03CF00012653D /* item1.pdf */,
				EDDCA6461EF03CF00012653D /* item2.pdf */,
				EDDCA6471EF03CF00012653D /* item3.pdf */,
				EDDCA6481EF03CF00012653D /* item4.pdf */,
				EDDCA6491EF03CF00012653D /* item5.pdf */,
				EDDCA64A1EF03CF00012653D /* item6.pdf */,
				EDDCA63F1EF039FD0012653D /* Info.plist */,
				EDDCA63C1EF039FD0012653D /* LaunchScreen.storyboard */,
				EDDCA6311EF039FD0012653D /* AppDelegate.h */,
				EDDCA6321EF039FD0012653D /* AppDelegate.m */,
				EDDCA62F1EF039FD0012653D /* main.m */,
			);
			name = "Supporting Files";
			sourceTree = "<group>";
		};
/* End PBXGroup section */

/* Begin PBXNativeTarget section */
		EDDCA62A1EF039FD0012653D /* Gestures */ = {
			isa = PBXNativeTarget;
			buildConfigurationList = EDDCA6421EF039FD0012653D /* Build configuration list for PBXNativeTarget "Gestures" */;
			buildPhases = (
				EDDCA6271EF039FD0012653D /* Sources */,
				EDDCA6281EF039FD0012653D /* Frameworks */,
				EDDCA6291EF039FD0012653D /* Resources */,
			);
			buildRules = (
			);
			dependencies = (
			);
			name = Gestures;
			productName = Gestures;
			productReference = EDDCA62B1EF039FD0012653D /* Gestures.app */;
			productType = "com.apple.product-type.application";
		};
/* End PBXNativeTarget section */

/* Begin PBXProject section */
		EDDCA6231EF039FD0012653D /* Project object */ = {
			isa = PBXProject;
			attributes = {
				LastUpgradeCheck = 0830;
				ORGANIZATIONNAME = Shreve.ca;
				TargetAttributes = {
					EDDCA62A1EF039FD0012653D = {
						CreatedOnToolsVersion = 8.3.2;
						DevelopmentTeam = 294FN9LFDB;
						ProvisioningStyle = Automatic;
					};
				};
			};
			buildConfigurationList = EDDCA6261EF039FD0012653D /* Build configuration list for PBXProject "Gestures" */;
			compatibilityVersion = "Xcode 3.2";
			developmentRegion = English;
			hasScannedForEncodings = 0;
			knownRegions = (
				en,
				Base,
			);
			mainGroup = EDDCA6221EF039FD0012653D;
			productRefGroup = EDDCA62C1EF039FD0012653D /* Products */;
			projectDirPath = "";
			projectRoot = "";
			targets = (
				EDDCA62A1EF039FD0012653D /* Gestures */,
			);
		};
/* End PBXProject section */

/* Begin PBXResourcesBuildPhase section */
		EDDCA6291EF039FD0012653D /* Resources */ = {
			isa = PBXResourcesBuildPhase;
			buildActionMask = 2147483647;
			files = (
				EDDCA63E1EF039FD0012653D /* LaunchScreen.storyboard in Resources */,
				EDDCA64B1EF03CF00012653D /* item1.pdf in Resources */,
				EDDCA63B1EF039FD0012653D /* Assets.xcassets in Resources */,
				EDDCA64C1EF03CF00012653D /* item2.pdf in Resources */,
				EDDCA6391EF039FD0012653D /* Main.storyboard in Resources */,
				EDDCA64F1EF03CF00012653D /* item5.pdf in Resources */,
				EDDCA64E1EF03CF00012653D /* item4.pdf in Resources */,
				EDDCA64D1EF03CF00012653D /* item3.pdf in Resources */,
				EDDCA6501EF03CF00012653D /* item6.pdf in Resources */,
			);
			runOnlyForDeploymentPostprocessing = 0;
		};
/* End PBXResourcesBuildPhase section */

/* Begin PBXSourcesBuildPhase section */
		EDDCA6271EF039FD0012653D /* Sources */ = {
			isa = PBXSourcesBuildPhase;
			buildActionMask = 2147483647;
			files = (
				EDBFE94D1EF1C9DB009B4A76 /* EdgeSwipeViewController.m in Sources */,
				EDDCA6531EF0424D0012653D /* PanViewController.m in Sources */,
				EDDCA6331EF039FD0012653D /* AppDelegate.m in Sources */,
				EDDCA6591EF04BF20012653D /* PinchViewController.m in Sources */,
				EDBFE94A1EF1C05C009B4A76 /* RotationViewController.m in Sources */,
				EDE18FD81EF08A1900668BC7 /* SwipeViewController.m in Sources */,
				EDDCA6561EF0426B0012653D /* TapViewController.m in Sources */,
				EDDCA6301EF039FD0012653D /* main.m in Sources */,
			);
			runOnlyForDeploymentPostprocessing = 0;
		};
/* End PBXSourcesBuildPhase section */

/* Begin PBXVariantGroup section */
		EDDCA6371EF039FD0012653D /* Main.storyboard */ = {
			isa = PBXVariantGroup;
			children = (
				EDDCA6381EF039FD0012653D /* Base */,
			);
			name = Main.storyboard;
			sourceTree = "<group>";
		};
		EDDCA63C1EF039FD0012653D /* LaunchScreen.storyboard */ = {
			isa = PBXVariantGroup;
			children = (
				EDDCA63D1EF039FD0012653D /* Base */,
			);
			name = LaunchScreen.storyboard;
			sourceTree = "<group>";
		};
/* End PBXVariantGroup section */

/* Begin XCBuildConfiguration section */
		EDDCA6401EF039FD0012653D /* Debug */ = {
			isa = XCBuildConfiguration;
			buildSettings = {
				ALWAYS_SEARCH_USER_PATHS = NO;
				CLANG_ANALYZER_NONNULL = YES;
				CLANG_ANALYZER_NUMBER_OBJECT_CONVERSION = YES_AGGRESSIVE;
				CLANG_CXX_LANGUAGE_STANDARD = "gnu++0x";
				CLANG_CXX_LIBRARY = "libc++";
				CLANG_ENABLE_MODULES = YES;
				CLANG_ENABLE_OBJC_ARC = YES;
				CLANG_WARN_BOOL_CONVERSION = YES;
				CLANG_WARN_CONSTANT_CONVERSION = YES;
				CLANG_WARN_DIRECT_OBJC_ISA_USAGE = YES_ERROR;
				CLANG_WARN_DOCUMENTATION_COMMENTS = YES;
				CLANG_WARN_EMPTY_BODY = YES;
				CLANG_WARN_ENUM_CONVERSION = YES;
				CLANG_WARN_INFINITE_RECURSION = YES;
				CLANG_WARN_INT_CONVERSION = YES;
				CLANG_WARN_OBJC_ROOT_CLASS = YES_ERROR;
				CLANG_WARN_SUSPICIOUS_MOVE = YES;
				CLANG_WARN_UNREACHABLE_CODE = YES;
				CLANG_WARN__DUPLICATE_METHOD_MATCH = YES;
				"CODE_SIGN_IDENTITY[sdk=iphoneos*]" = "iPhone Developer";
				COPY_PHASE_STRIP = NO;
				DEBUG_INFORMATION_FORMAT = dwarf;
				ENABLE_STRICT_OBJC_MSGSEND = YES;
				ENABLE_TESTABILITY = YES;
				GCC_C_LANGUAGE_STANDARD = gnu99;
				GCC_DYNAMIC_NO_PIC = NO;
				GCC_NO_COMMON_BLOCKS = YES;
				GCC_OPTIMIZATION_LEVEL = 0;
				GCC_PREPROCESSOR_DEFINITIONS = (
					"DEBUG=1",
					"$(inherited)",
				);
				GCC_WARN_64_TO_32_BIT_CONVERSION = YES;
				GCC_WARN_ABOUT_RETURN_TYPE = YES_ERROR;
				GCC_WARN_UNDECLARED_SELECTOR = YES;
				GCC_WARN_UNINITIALIZED_AUTOS = YES_AGGRESSIVE;
				GCC_WARN_UNUSED_FUNCTION = YES;
				GCC_WARN_UNUSED_VARIABLE = YES;
				IPHONEOS_DEPLOYMENT_TARGET = 10.3;
				MTL_ENABLE_DEBUG_INFO = YES;
				ONLY_ACTIVE_ARCH = YES;
				SDKROOT = iphoneos;
				TARGETED_DEVICE_FAMILY = "1,2";
			};
			name = Debug;
		};
		EDDCA6411EF039FD0012653D /* Release */ = {
			isa = XCBuildConfiguration;
			buildSettings = {
				ALWAYS_SEARCH_USER_PATHS = NO;
				CLANG_ANALYZER_NONNULL = YES;
				CLANG_ANALYZER_NUMBER_OBJECT_CONVERSION = YES_AGGRESSIVE;
				CLANG_CXX_LANGUAGE_STANDARD = "gnu++0x";
				CLANG_CXX_LIBRARY = "libc++";
				CLANG_ENABLE_MODULES = YES;
				CLANG_ENABLE_OBJC_ARC = YES;
				CLANG_WARN_BOOL_CONVERSION = YES;
				CLANG_WARN_CONSTANT_CONVERSION = YES;
				CLANG_WARN_DIRECT_OBJC_ISA_USAGE = YES_ERROR;
				CLANG_WARN_DOCUMENTATION_COMMENTS = YES;
				CLANG_WARN_EMPTY_BODY = YES;
				CLANG_WARN_ENUM_CONVERSION = YES;
				CLANG_WARN_INFINITE_RECURSION = YES;
				CLANG_WARN_INT_CONVERSION = YES;
				CLANG_WARN_OBJC_ROOT_CLASS = YES_ERROR;
				CLANG_WARN_SUSPICIOUS_MOVE = YES;
				CLANG_WARN_UNREACHABLE_CODE = YES;
				CLANG_WARN__DUPLICATE_METHOD_MATCH = YES;
				"CODE_SIGN_IDENTITY[sdk=iphoneos*]" = "iPhone Developer";
				COPY_PHASE_STRIP = NO;
				DEBUG_INFORMATION_FORMAT = "dwarf-with-dsym";
				ENABLE_NS_ASSERTIONS = NO;
				ENABLE_STRICT_OBJC_MSGSEND = YES;
				GCC_C_LANGUAGE_STANDARD = gnu99;
				GCC_NO_COMMON_BLOCKS = YES;
				GCC_WARN_64_TO_32_BIT_CONVERSION = YES;
				GCC_WARN_ABOUT_RETURN_TYPE = YES_ERROR;
				GCC_WARN_UNDECLARED_SELECTOR = YES;
				GCC_WARN_UNINITIALIZED_AUTOS = YES_AGGRESSIVE;
				GCC_WARN_UNUSED_FUNCTION = YES;
				GCC_WARN_UNUSED_VARIABLE = YES;
				IPHONEOS_DEPLOYMENT_TARGET = 10.3;
				MTL_ENABLE_DEBUG_INFO = NO;
				SDKROOT = iphoneos;
				TARGETED_DEVICE_FAMILY = "1,2";
				VALIDATE_PRODUCT = YES;
			};
			name = Release;
		};
		EDDCA6431EF039FD0012653D /* Debug */ = {
			isa = XCBuildConfiguration;
			buildSettings = {
				ASSETCATALOG_COMPILER_APPICON_NAME = AppIcon;
				DEVELOPMENT_TEAM = 294FN9LFDB;
				INFOPLIST_FILE = Gestures/Info.plist;
				LD_RUNPATH_SEARCH_PATHS = "$(inherited) @executable_path/Frameworks";
				PRODUCT_BUNDLE_IDENTIFIER = ca.shreve.Gestures;
				PRODUCT_NAME = "$(TARGET_NAME)";
			};
			name = Debug;
		};
		EDDCA6441EF039FD0012653D /* Release */ = {
			isa = XCBuildConfiguration;
			buildSettings = {
				ASSETCATALOG_COMPILER_APPICON_NAME = AppIcon;
				DEVELOPMENT_TEAM = 294FN9LFDB;
				INFOPLIST_FILE = Gestures/Info.plist;
				LD_RUNPATH_SEARCH_PATHS = "$(inherited) @executable_path/Frameworks";
				PRODUCT_BUNDLE_IDENTIFIER = ca.shreve.Gestures;
				PRODUCT_NAME = "$(TARGET_NAME)";
			};
			name = Release;
		};
/* End XCBuildConfiguration section */

/* Begin XCConfigurationList section */
		EDDCA6261EF039FD0012653D /* Build configuration list for PBXProject "Gestures" */ = {
			isa = XCConfigurationList;
			buildConfigurations = (
				EDDCA6401EF039FD0012653D /* Debug */,
				EDDCA6411EF039FD0012653D /* Release */,
			);
			defaultConfigurationIsVisible = 0;
			defaultConfigurationName = Release;
		};
		EDDCA6421EF039FD0012653D /* Build configuration list for PBXNativeTarget "Gestures" */ = {
			isa = XCConfigurationList;
			buildConfigurations = (
				EDDCA6431EF039FD0012653D /* Debug */,
				EDDCA6441EF039FD0012653D /* Release */,
			);
			defaultConfigurationIsVisible = 0;
			defaultConfigurationName = Release;
		};
/* End XCConfigurationList section */
	};
	rootObject = EDDCA6231EF039FD0012653D /* Project object */;
}
